
Microsoft Visual Studio Solution File, Format Version 12.00
# Visual Studio Version 17
VisualStudioVersion = 17.10.35027.167
MinimumVisualStudioVersion = 10.0.40219.1
Project("{FAE04EC0-301F-11D3-BF4B-00C04F79EFBC}") = "WebAppASP.NET", "WebAppASP.NET\WebAppASP.NET.csproj", "{ED524C7F-2916-4E47-8B0A-9945C4164C30}"
EndProject
Global
	GlobalSection(SolutionConfigurationPlatforms) = preSolution
		Debug|Any CPU = Debug|Any CPU
		Release|Any CPU = Release|Any CPU
	EndGlobalSection
	GlobalSection(ProjectConfigurationPlatforms) = postSolution
		{ED524C7F-2916-4E47-8B0A-9945C4164C30}.Debug|Any CPU.ActiveCfg = Debug|Any CPU
		{ED524C7F-2916-4E47-8B0A-9945C4164C30}.Debug|Any CPU.Build.0 = Debug|Any CPU
		{ED524C7F-2916-4E47-8B0A-9945C4164C30}.Release|Any CPU.ActiveCfg = Release|Any CPU
		{ED524C7F-2916-4E47-8B0A-9945C4164C30}.Release|Any CPU.Build.0 = Release|Any CPU
	EndGlobalSection
	GlobalSection(SolutionProperties) = preSolution
		HideSolutionNode = FALSE
	EndGlobalSection
	GlobalSection(ExtensibilityGlobals) = postSolution
		SolutionGuid = {C9B909C6-7E55-4B64-8554-EDF080E93F76}
	EndGlobalSection
EndGlobal
